
Microsoft Visual Studio Solution File, Format Version 12.00
# Visual Studio Version 16
VisualStudioVersion = 16.0.30330.147
MinimumVisualStudioVersion = 10.0.40219.1
Project("{9A19103F-16F7-4668-BE54-9A1E7A4F7556}") = "DAL", "..\DAL\DAL.csproj", "{A39B0B0D-4DCF-46F9-B15F-39A1779F3DDD}"
EndProject
Project("{FAE04EC0-301F-11D3-BF4B-00C04F79EFBC}") = "ADOToolBox", "..\ADOToolbox\ADOToolBox\ADOToolBox.csproj", "{9452DF99-A5AC-4068-AC29-CD59E9DBC335}"
EndProject
Project("{9A19103F-16F7-4668-BE54-9A1E7A4F7556}") = "ApiCoreForSomee", "ApiCoreForSomee.csproj", "{673A67D6-D908-4E32-B477-85C723B654DE}"
EndProject
Global
	GlobalSection(SolutionConfigurationPlatforms) = preSolution
		Debug|Any CPU = Debug|Any CPU
		Release|Any CPU = Release|Any CPU
	EndGlobalSection
	GlobalSection(ProjectConfigurationPlatforms) = postSolution
		{A39B0B0D-4DCF-46F9-B15F-39A1779F3DDD}.Debug|Any CPU.ActiveCfg = Debug|Any CPU
		{A39B0B0D-4DCF-46F9-B15F-39A1779F3DDD}.Debug|Any CPU.Build.0 = Debug|Any CPU
		{A39B0B0D-4DCF-46F9-B15F-39A1779F3DDD}.Release|Any CPU.ActiveCfg = Release|Any CPU
		{A39B0B0D-4DCF-46F9-B15F-39A1779F3DDD}.Release|Any CPU.Build.0 = Release|Any CPU
		{9452DF99-A5AC-4068-AC29-CD59E9DBC335}.Debug|Any CPU.ActiveCfg = Debug|Any CPU
		{9452DF99-A5AC-4068-AC29-CD59E9DBC335}.Debug|Any CPU.Build.0 = Debug|Any CPU
		{9452DF99-A5AC-4068-AC29-CD59E9DBC335}.Release|Any CPU.ActiveCfg = Release|Any CPU
		{9452DF99-A5AC-4068-AC29-CD59E9DBC335}.Release|Any CPU.Build.0 = Release|Any CPU
		{673A67D6-D908-4E32-B477-85C723B654DE}.Debug|Any CPU.ActiveCfg = Debug|Any CPU
		{673A67D6-D908-4E32-B477-85C723B654DE}.Debug|Any CPU.Build.0 = Debug|Any CPU
		{673A67D6-D908-4E32-B477-85C723B654DE}.Release|Any CPU.ActiveCfg = Release|Any CPU
		{673A67D6-D908-4E32-B477-85C723B654DE}.Release|Any CPU.Build.0 = Release|Any CPU
	EndGlobalSection
	GlobalSection(SolutionProperties) = preSolution
		HideSolutionNode = FALSE
	EndGlobalSection
	GlobalSection(ExtensibilityGlobals) = postSolution
		SolutionGuid = {5FA95EE5-5551-4BCB-8F18-9C4B0C723A66}
	EndGlobalSection
EndGlobal
